
Microsoft Visual Studio Solution File, Format Version 12.00
# Visual Studio 15
VisualStudioVersion = 15.0.27130.2027
MinimumVisualStudioVersion = 10.0.40219.1
Project("{888888A0-9F3D-457C-B088-3A5042F75D52}") = "PythonLab", "PythonApplication1\PythonLab.pyproj", "{8284ABC8-CC9A-4FFE-A970-F3BB556C1C23}"
EndProject
Global
	GlobalSection(SolutionConfigurationPlatforms) = preSolution
		Debug|Any CPU = Debug|Any CPU
		Release|Any CPU = Release|Any CPU
	EndGlobalSection
	GlobalSection(ProjectConfigurationPlatforms) = postSolution
		{8284ABC8-CC9A-4FFE-A970-F3BB556C1C23}.Debug|Any CPU.ActiveCfg = Debug|Any CPU
		{8284ABC8-CC9A-4FFE-A970-F3BB556C1C23}.Release|Any CPU.ActiveCfg = Release|Any CPU
	EndGlobalSection
	GlobalSection(SolutionProperties) = preSolution
		HideSolutionNode = FALSE
	EndGlobalSection
	GlobalSection(ExtensibilityGlobals) = postSolution
		SolutionGuid = {A5CF571D-3962-43B8-BD01-B4139DFBA7F8}
	EndGlobalSection
EndGlobal
